
Microsoft Visual Studio Solution File, Format Version 12.00
# Visual Studio Version 16
VisualStudioVersion = 16.0.30711.63
MinimumVisualStudioVersion = 10.0.40219.1
Project("{2150E333-8FDC-42A3-9474-1A3956D46DE8}") = "project", "project", "{BF60BC93-E09B-4E5F-9D85-95A519479D54}"
	ProjectSection(SolutionItems) = preProject
		.travis.yml = .travis.yml
		appveyor.yml = appveyor.yml
		build.fsx = build.fsx
		global.json = global.json
		README.md = README.md
		RELEASE_NOTES.md = RELEASE_NOTES.md
	EndProjectSection
EndProject
Project("{2150E333-8FDC-42A3-9474-1A3956D46DE8}") = "test", "test", "{ED8079DD-2B06-4030-9F0F-DC548F98E1C4}"
EndProject
Project("{2150E333-8FDC-42A3-9474-1A3956D46DE8}") = "src", "src", "{21BB3EB6-7BD5-4C26-9F7C-868F46AB6274}"
	ProjectSection(SolutionItems) = preProject
		src\Directory.Build.props = src\Directory.Build.props
	EndProjectSection
EndProject
Project("{9A19103F-16F7-4668-BE54-9A1E7A4F7556}") = "XRoadLib", "src\XRoadLib\XRoadLib.csproj", "{5109476D-6533-4275-AB06-39D95728BBFA}"
EndProject
Project("{9A19103F-16F7-4668-BE54-9A1E7A4F7556}") = "XRoadLib.Tests", "test\XRoadLib.Tests\XRoadLib.Tests.csproj", "{AFE5FB96-EF23-4C38-80C2-6E07E4B34BD9}"
EndProject
Project("{9A19103F-16F7-4668-BE54-9A1E7A4F7556}") = "XRoadLib.Tests.Contract", "test\XRoadLib.Tests.Contract\XRoadLib.Tests.Contract.csproj", "{231811E0-4F3B-45DD-A777-2CE4C7EAB755}"
EndProject
Project("{9A19103F-16F7-4668-BE54-9A1E7A4F7556}") = "XRoadLib.Extensions.ProtoBuf", "src\XRoadLib.Extensions.ProtoBuf\XRoadLib.Extensions.ProtoBuf.csproj", "{5A056724-F4B7-4A8E-8EEB-819299541F2C}"
EndProject
Project("{2150E333-8FDC-42A3-9474-1A3956D46DE8}") = "samples", "samples", "{34C738B8-0838-4882-B7E7-236102A459B7}"
EndProject
Project("{9A19103F-16F7-4668-BE54-9A1E7A4F7556}") = "Calculator", "samples\Calculator\Calculator.csproj", "{BE36BF04-2B2E-48CE-8B1D-47657349B760}"
EndProject
Project("{9A19103F-16F7-4668-BE54-9A1E7A4F7556}") = "XRoadLib.Extensions.AspNetCore", "src\XRoadLib.Extensions.AspNetCore\XRoadLib.Extensions.AspNetCore.csproj", "{309CC1BB-A093-47F0-BF0F-CB6270322433}"
EndProject
Project("{FAE04EC0-301F-11D3-BF4B-00C04F79EFBC}") = "Calculator.Tests", "samples\Calculator.Tests\Calculator.Tests.csproj", "{09AC97F8-61EC-4597-8811-3A293A27D36D}"
EndProject
Global
	GlobalSection(SolutionConfigurationPlatforms) = preSolution
		Debug|Any CPU = Debug|Any CPU
		Debug|x64 = Debug|x64
		Debug|x86 = Debug|x86
		Release|Any CPU = Release|Any CPU
		Release|x64 = Release|x64
		Release|x86 = Release|x86
	EndGlobalSection
	GlobalSection(ProjectConfigurationPlatforms) = postSolution
		{5109476D-6533-4275-AB06-39D95728BBFA}.Debug|Any CPU.ActiveCfg = Debug|Any CPU
		{5109476D-6533-4275-AB06-39D95728BBFA}.Debug|Any CPU.Build.0 = Debug|Any CPU
		{5109476D-6533-4275-AB06-39D95728BBFA}.Debug|x64.ActiveCfg = Debug|Any CPU
		{5109476D-6533-4275-AB06-39D95728BBFA}.Debug|x64.Build.0 = Debug|Any CPU
		{5109476D-6533-4275-AB06-39D95728BBFA}.Debug|x86.ActiveCfg = Debug|Any CPU
		{5109476D-6533-4275-AB06-39D95728BBFA}.Debug|x86.Build.0 = Debug|Any CPU
		{5109476D-6533-4275-AB06-39D95728BBFA}.Release|Any CPU.ActiveCfg = Release|Any CPU
		{5109476D-6533-4275-AB06-39D95728BBFA}.Release|Any CPU.Build.0 = Release|Any CPU
		{5109476D-6533-4275-AB06-39D95728BBFA}.Release|x64.ActiveCfg = Release|Any CPU
		{5109476D-6533-4275-AB06-39D95728BBFA}.Release|x64.Build.0 = Release|Any CPU
		{5109476D-6533-4275-AB06-39D95728BBFA}.Release|x86.ActiveCfg = Release|Any CPU
		{5109476D-6533-4275-AB06-39D95728BBFA}.Release|x86.Build.0 = Release|Any CPU
		{AFE5FB96-EF23-4C38-80C2-6E07E4B34BD9}.Debug|Any CPU.ActiveCfg = Debug|Any CPU
		{AFE5FB96-EF23-4C38-80C2-6E07E4B34BD9}.Debug|Any CPU.Build.0 = Debug|Any CPU
		{AFE5FB96-EF23-4C38-80C2-6E07E4B34BD9}.Debug|x64.ActiveCfg = Debug|Any CPU
		{AFE5FB96-EF23-4C38-80C2-6E07E4B34BD9}.Debug|x64.Build.0 = Debug|Any CPU
		{AFE5FB96-EF23-4C38-80C2-6E07E4B34BD9}.Debug|x86.ActiveCfg = Debug|Any CPU
		{AFE5FB96-EF23-4C38-80C2-6E07E4B34BD9}.Debug|x86.Build.0 = Debug|Any CPU
		{AFE5FB96-EF23-4C38-80C2-6E07E4B34BD9}.Release|Any CPU.ActiveCfg = Release|Any CPU
		{AFE5FB96-EF23-4C38-80C2-6E07E4B34BD9}.Release|x64.ActiveCfg = Release|Any CPU
		{AFE5FB96-EF23-4C38-80C2-6E07E4B34BD9}.Release|x64.Build.0 = Release|Any CPU
		{AFE5FB96-EF23-4C38-80C2-6E07E4B34BD9}.Release|x86.ActiveCfg = Release|Any CPU
		{AFE5FB96-EF23-4C38-80C2-6E07E4B34BD9}.Release|x86.Build.0 = Release|Any CPU
		{231811E0-4F3B-45DD-A777-2CE4C7EAB755}.Debug|Any CPU.ActiveCfg = Debug|Any CPU
		{231811E0-4F3B-45DD-A777-2CE4C7EAB755}.Debug|Any CPU.Build.0 = Debug|Any CPU
		{231811E0-4F3B-45DD-A777-2CE4C7EAB755}.Debug|x64.ActiveCfg = Debug|Any CPU
		{231811E0-4F3B-45DD-A777-2CE4C7EAB755}.Debug|x64.Build.0 = Debug|Any CPU
		{231811E0-4F3B-45DD-A777-2CE4C7EAB755}.Debug|x86.ActiveCfg = Debug|Any CPU
		{231811E0-4F3B-45DD-A777-2CE4C7EAB755}.Debug|x86.Build.0 = Debug|Any CPU
		{231811E0-4F3B-45DD-A777-2CE4C7EAB755}.Release|Any CPU.ActiveCfg = Release|Any CPU
		{231811E0-4F3B-45DD-A777-2CE4C7EAB755}.Release|x64.ActiveCfg = Release|Any CPU
		{231811E0-4F3B-45DD-A777-2CE4C7EAB755}.Release|x64.Build.0 = Release|Any CPU
		{231811E0-4F3B-45DD-A777-2CE4C7EAB755}.Release|x86.ActiveCfg = Release|Any CPU
		{231811E0-4F3B-45DD-A777-2CE4C7EAB755}.Release|x86.Build.0 = Release|Any CPU
		{5A056724-F4B7-4A8E-8EEB-819299541F2C}.Debug|Any CPU.ActiveCfg = Debug|Any CPU
		{5A056724-F4B7-4A8E-8EEB-819299541F2C}.Debug|Any CPU.Build.0 = Debug|Any CPU
		{5A056724-F4B7-4A8E-8EEB-819299541F2C}.Debug|x64.ActiveCfg = Debug|Any CPU
		{5A056724-F4B7-4A8E-8EEB-819299541F2C}.Debug|x64.Build.0 = Debug|Any CPU
		{5A056724-F4B7-4A8E-8EEB-819299541F2C}.Debug|x86.ActiveCfg = Debug|Any CPU
		{5A056724-F4B7-4A8E-8EEB-819299541F2C}.Debug|x86.Build.0 = Debug|Any CPU
		{5A056724-F4B7-4A8E-8EEB-819299541F2C}.Release|Any CPU.ActiveCfg = Release|Any CPU
		{5A056724-F4B7-4A8E-8EEB-819299541F2C}.Release|Any CPU.Build.0 = Release|Any CPU
		{5A056724-F4B7-4A8E-8EEB-819299541F2C}.Release|x64.ActiveCfg = Release|Any CPU
		{5A056724-F4B7-4A8E-8EEB-819299541F2C}.Release|x64.Build.0 = Release|Any CPU
		{5A056724-F4B7-4A8E-8EEB-819299541F2C}.Release|x86.ActiveCfg = Release|Any CPU
		{5A056724-F4B7-4A8E-8EEB-819299541F2C}.Release|x86.Build.0 = Release|Any CPU
		{BE36BF04-2B2E-48CE-8B1D-47657349B760}.Debug|Any CPU.ActiveCfg = Debug|Any CPU
		{BE36BF04-2B2E-48CE-8B1D-47657349B760}.Debug|Any CPU.Build.0 = Debug|Any CPU
		{BE36BF04-2B2E-48CE-8B1D-47657349B760}.Debug|x64.ActiveCfg = Debug|Any CPU
		{BE36BF04-2B2E-48CE-8B1D-47657349B760}.Debug|x64.Build.0 = Debug|Any CPU
		{BE36BF04-2B2E-48CE-8B1D-47657349B760}.Debug|x86.ActiveCfg = Debug|Any CPU
		{BE36BF04-2B2E-48CE-8B1D-47657349B760}.Debug|x86.Build.0 = Debug|Any CPU
		{BE36BF04-2B2E-48CE-8B1D-47657349B760}.Release|Any CPU.ActiveCfg = Release|Any CPU
		{BE36BF04-2B2E-48CE-8B1D-47657349B760}.Release|Any CPU.Build.0 = Release|Any CPU
		{BE36BF04-2B2E-48CE-8B1D-47657349B760}.Release|x64.ActiveCfg = Release|Any CPU
		{BE36BF04-2B2E-48CE-8B1D-47657349B760}.Release|x64.Build.0 = Release|Any CPU
		{BE36BF04-2B2E-48CE-8B1D-47657349B760}.Release|x86.ActiveCfg = Release|Any CPU
		{BE36BF04-2B2E-48CE-8B1D-47657349B760}.Release|x86.Build.0 = Release|Any CPU
		{309CC1BB-A093-47F0-BF0F-CB6270322433}.Debug|Any CPU.ActiveCfg = Debug|Any CPU
		{309CC1BB-A093-47F0-BF0F-CB6270322433}.Debug|Any CPU.Build.0 = Debug|Any CPU
		{309CC1BB-A093-47F0-BF0F-CB6270322433}.Debug|x64.ActiveCfg = Debug|Any CPU
		{309CC1BB-A093-47F0-BF0F-CB6270322433}.Debug|x64.Build.0 = Debug|Any CPU
		{309CC1BB-A093-47F0-BF0F-CB6270322433}.Debug|x86.ActiveCfg = Debug|Any CPU
		{309CC1BB-A093-47F0-BF0F-CB6270322433}.Debug|x86.Build.0 = Debug|Any CPU
		{309CC1BB-A093-47F0-BF0F-CB6270322433}.Release|Any CPU.ActiveCfg = Release|Any CPU
		{309CC1BB-A093-47F0-BF0F-CB6270322433}.Release|Any CPU.Build.0 = Release|Any CPU
		{309CC1BB-A093-47F0-BF0F-CB6270322433}.Release|x64.ActiveCfg = Release|Any CPU
		{309CC1BB-A093-47F0-BF0F-CB6270322433}.Release|x64.Build.0 = Release|Any CPU
		{309CC1BB-A093-47F0-BF0F-CB6270322433}.Release|x86.ActiveCfg = Release|Any CPU
		{309CC1BB-A093-47F0-BF0F-CB6270322433}.Release|x86.Build.0 = Release|Any CPU
		{09AC97F8-61EC-4597-8811-3A293A27D36D}.Debug|Any CPU.ActiveCfg = Debug|Any CPU
		{09AC97F8-61EC-4597-8811-3A293A27D36D}.Debug|Any CPU.Build.0 = Debug|Any CPU
		{09AC97F8-61EC-4597-8811-3A293A27D36D}.Debug|x64.ActiveCfg = Debug|Any CPU
		{09AC97F8-61EC-4597-8811-3A293A27D36D}.Debug|x64.Build.0 = Debug|Any CPU
		{09AC97F8-61EC-4597-8811-3A293A27D36D}.Debug|x86.ActiveCfg = Debug|Any CPU
		{09AC97F8-61EC-4597-8811-3A293A27D36D}.Debug|x86.Build.0 = Debug|Any CPU
		{09AC97F8-61EC-4597-8811-3A293A27D36D}.Release|Any CPU.ActiveCfg = Release|Any CPU
		{09AC97F8-61EC-4597-8811-3A293A27D36D}.Release|Any CPU.Build.0 = Release|Any CPU
		{09AC97F8-61EC-4597-8811-3A293A27D36D}.Release|x64.ActiveCfg = Release|Any CPU
		{09AC97F8-61EC-4597-8811-3A293A27D36D}.Release|x64.Build.0 = Release|Any CPU
		{09AC97F8-61EC-4597-8811-3A293A27D36D}.Release|x86.ActiveCfg = Release|Any CPU
		{09AC97F8-61EC-4597-8811-3A293A27D36D}.Release|x86.Build.0 = Release|Any CPU
	EndGlobalSection
	GlobalSection(SolutionProperties) = preSolution
		HideSolutionNode = FALSE
	EndGlobalSection
	GlobalSection(NestedProjects) = preSolution
		{5109476D-6533-4275-AB06-39D95728BBFA} = {21BB3EB6-7BD5-4C26-9F7C-868F46AB6274}
		{AFE5FB96-EF23-4C38-80C2-6E07E4B34BD9} = {ED8079DD-2B06-4030-9F0F-DC548F98E1C4}
		{231811E0-4F3B-45DD-A777-2CE4C7EAB755} = {ED8079DD-2B06-4030-9F0F-DC548F98E1C4}
		{5A056724-F4B7-4A8E-8EEB-819299541F2C} = {21BB3EB6-7BD5-4C26-9F7C-868F46AB6274}
		{BE36BF04-2B2E-48CE-8B1D-47657349B760} = {34C738B8-0838-4882-B7E7-236102A459B7}
		{309CC1BB-A093-47F0-BF0F-CB6270322433} = {21BB3EB6-7BD5-4C26-9F7C-868F46AB6274}
		{09AC97F8-61EC-4597-8811-3A293A27D36D} = {34C738B8-0838-4882-B7E7-236102A459B7}
	EndGlobalSection
	GlobalSection(ExtensibilityGlobals) = postSolution
		SolutionGuid = {76B09F66-9938-494A-91D8-70025CF32D24}
	EndGlobalSection
EndGlobal
